{
  "object": {
    "pins": [
      {
        "package": "GameKitUI.swift",
        "repositoryURL": "https://github.com/SwiftPackageRepository/GameKitUI.swift.git",
        "state": {
          "branch": "main",
          "revision": "89d9cc1a7d36a3bcad91dddc2bff8f020ca80fe5",
          "version": null
        }
      }
    ]
  },
  "version": 1
}
