// !$*UTF8*$!
{
	archiveVersion = 1;
	classes = {
	};
	objectVersion = 60;
	objects = {

/* Begin PBXBuildFile section */
		150315F72617E3B100EC5D2E /* SidebarView.swift in Sources */ = {isa = PBXBuildFile; fileRef = 150315F62617E3B100EC5D2E /* SidebarView.swift */; };
		150315FC2617E7C900EC5D2E /* Route.swift in Sources */ = {isa = PBXBuildFile; fileRef = 150315FB2617E7C900EC5D2E /* Route.swift */; };
		150316002617E88100EC5D2E /* SidebarRow.swift in Sources */ = {isa = PBXBuildFile; fileRef = 150315FF2617E88100EC5D2E /* SidebarRow.swift */; };
		1503169F2618E03E00EC5D2E /* PlayerView.swift in Sources */ = {isa = PBXBuildFile; fileRef = 1503169E2618E03E00EC5D2E /* PlayerView.swift */; };
		150316A62618E2AB00EC5D2E /* MatchMakingView.swift in Sources */ = {isa = PBXBuildFile; fileRef = 150316A52618E2AB00EC5D2E /* MatchMakingView.swift */; };
		150316B22618E47D00EC5D2E /* MatchView.swift in Sources */ = {isa = PBXBuildFile; fileRef = 150316B12618E47D00EC5D2E /* MatchView.swift */; };
		1507A0BE25E410CA006DDBFC /* GKMatchMakerApp.swift in Sources */ = {isa = PBXBuildFile; fileRef = 1507A0BC25E410CA006DDBFC /* GKMatchMakerApp.swift */; };
		1507A0C725E419E5006DDBFC /* AuthenticationView.swift in Sources */ = {isa = PBXBuildFile; fileRef = 1507A0C525E419E5006DDBFC /* AuthenticationView.swift */; };
		150EBBB32E5C65A4000E3E03 /* GameKitUI in Frameworks */ = {isa = PBXBuildFile; productRef = 150EBBB22E5C65A4000E3E03 /* GameKitUI */; };
		151CAAA325E39837002A7FDC /* Assets.xcassets in Resources */ = {isa = PBXBuildFile; fileRef = 151CAA8D25E39837002A7FDC /* Assets.xcassets */; };
		151F91FA25E4EC070015DD88 /* AuthenticationViewModel.swift in Sources */ = {isa = PBXBuildFile; fileRef = 151F91F825E4EC070015DD88 /* AuthenticationViewModel.swift */; };
		15A6F7D925E39B8300FE5387 /* GameKitUI in Frameworks */ = {isa = PBXBuildFile; productRef = 15A6F7D825E39B8300FE5387 /* GameKitUI */; };
		15A6F7F225E39E0500FE5387 /* MatchMakingViewModel.swift in Sources */ = {isa = PBXBuildFile; fileRef = 15A6F7F025E39E0500FE5387 /* MatchMakingViewModel.swift */; };
		15D90EAA2610B3190010E6C9 /* GameKit.framework in Frameworks */ = {isa = PBXBuildFile; fileRef = 15D90EA92610B3190010E6C9 /* GameKit.framework */; };
		15D90EB52610BBC60010E6C9 /* PrimaryButtonStyle.swift in Sources */ = {isa = PBXBuildFile; fileRef = 15D90EB32610BBBD0010E6C9 /* PrimaryButtonStyle.swift */; };
		15E7E14B2E5D9223009C1F44 /* PlayerViewModel.swift in Sources */ = {isa = PBXBuildFile; fileRef = 15E7E14A2E5D9222009C1F44 /* PlayerViewModel.swift */; };
		15E7E14D2E5DAE9F009C1F44 /* Image+Sendable.swift in Sources */ = {isa = PBXBuildFile; fileRef = 15E7E14C2E5DAE9F009C1F44 /* Image+Sendable.swift */; };
		15F85DE7260272D20009A734 /* GKMatchMakerAppModel.swift in Sources */ = {isa = PBXBuildFile; fileRef = 15F85DE3260272CF0009A734 /* GKMatchMakerAppModel.swift */; };
/* End PBXBuildFile section */

/* Begin PBXFileReference section */
		150315F32617DB1E00EC5D2E /* Config.xcconfig-example */ = {isa = PBXFileReference; lastKnownFileType = text; path = "Config.xcconfig-example"; sourceTree = "<group>"; };
		150315F62617E3B100EC5D2E /* SidebarView.swift */ = {isa = PBXFileReference; lastKnownFileType = sourcecode.swift; path = SidebarView.swift; sourceTree = "<group>"; };
		150315FB2617E7C900EC5D2E /* Route.swift */ = {isa = PBXFileReference; lastKnownFileType = sourcecode.swift; path = Route.swift; sourceTree = "<group>"; };
		150315FF2617E88100EC5D2E /* SidebarRow.swift */ = {isa = PBXFileReference; lastKnownFileType = sourcecode.swift; path = SidebarRow.swift; sourceTree = "<group>"; };
		150316142618B62600EC5D2E /* Info.plist */ = {isa = PBXFileReference; lastKnownFileType = text.plist.xml; path = Info.plist; sourceTree = "<group>"; };
		150316642618B76700EC5D2E /* GameKit.framework */ = {isa = PBXFileReference; lastKnownFileType = wrapper.framework; name = GameKit.framework; path = Platforms/AppleTVOS.platform/Developer/SDKs/AppleTVOS14.3.sdk/System/Library/Frameworks/GameKit.framework; sourceTree = DEVELOPER_DIR; };
		1503168D2618C94900EC5D2E /* PlayerView.swift */ = {isa = PBXFileReference; lastKnownFileType = sourcecode.swift; path = PlayerView.swift; sourceTree = "<group>"; };
		150316962618D0E800EC5D2E /* GKMatchMakerDebug.entitlements */ = {isa = PBXFileReference; lastKnownFileType = text.plist.entitlements; path = GKMatchMakerDebug.entitlements; sourceTree = "<group>"; };
		1503169E2618E03E00EC5D2E /* PlayerView.swift */ = {isa = PBXFileReference; lastKnownFileType = sourcecode.swift; path = PlayerView.swift; sourceTree = "<group>"; };
		150316A52618E2AB00EC5D2E /* MatchMakingView.swift */ = {isa = PBXFileReference; lastKnownFileType = sourcecode.swift; path = MatchMakingView.swift; sourceTree = "<group>"; };
		150316B12618E47D00EC5D2E /* MatchView.swift */ = {isa = PBXFileReference; lastKnownFileType = sourcecode.swift; path = MatchView.swift; sourceTree = "<group>"; };
		1507A0BC25E410CA006DDBFC /* GKMatchMakerApp.swift */ = {isa = PBXFileReference; fileEncoding = 4; lastKnownFileType = sourcecode.swift; path = GKMatchMakerApp.swift; sourceTree = "<group>"; };
		1507A0C525E419E5006DDBFC /* AuthenticationView.swift */ = {isa = PBXFileReference; lastKnownFileType = sourcecode.swift; path = AuthenticationView.swift; sourceTree = "<group>"; };
		151CAA8D25E39837002A7FDC /* Assets.xcassets */ = {isa = PBXFileReference; lastKnownFileType = folder.assetcatalog; path = Assets.xcassets; sourceTree = "<group>"; };
		151CAA9525E39837002A7FDC /* Info.plist */ = {isa = PBXFileReference; lastKnownFileType = text.plist.xml; path = Info.plist; sourceTree = "<group>"; };
		151CAA9A25E39837002A7FDC /* GKMatchMaker.app */ = {isa = PBXFileReference; explicitFileType = wrapper.application; includeInIndex = 0; path = GKMatchMaker.app; sourceTree = BUILT_PRODUCTS_DIR; };
		151CAA9C25E39837002A7FDC /* Info.plist */ = {isa = PBXFileReference; lastKnownFileType = text.plist.xml; path = Info.plist; sourceTree = "<group>"; };
		151CAA9D25E39837002A7FDC /* macOS.entitlements */ = {isa = PBXFileReference; lastKnownFileType = text.plist.entitlements; path = macOS.entitlements; sourceTree = "<group>"; };
		151CAAD025E39928002A7FDC /* Config.xcconfig */ = {isa = PBXFileReference; fileEncoding = 4; lastKnownFileType = text.xcconfig; path = Config.xcconfig; sourceTree = "<group>"; };
		151CAAD625E399D6002A7FDC /* GameKit.framework */ = {isa = PBXFileReference; lastKnownFileType = wrapper.framework; name = GameKit.framework; path = Platforms/iPhoneOS.platform/Developer/SDKs/iPhoneOS14.4.sdk/System/Library/Frameworks/GameKit.framework; sourceTree = DEVELOPER_DIR; };
		151D895E2602660B00979718 /* MatchView.swift */ = {isa = PBXFileReference; lastKnownFileType = sourcecode.swift; path = MatchView.swift; sourceTree = "<group>"; };
		151F91F825E4EC070015DD88 /* AuthenticationViewModel.swift */ = {isa = PBXFileReference; lastKnownFileType = sourcecode.swift; path = AuthenticationViewModel.swift; sourceTree = "<group>"; };
		152736812607D0730068853D /* MatchMakingView.swift */ = {isa = PBXFileReference; fileEncoding = 4; lastKnownFileType = sourcecode.swift; path = MatchMakingView.swift; sourceTree = "<group>"; };
		15A6F7F025E39E0500FE5387 /* MatchMakingViewModel.swift */ = {isa = PBXFileReference; lastKnownFileType = sourcecode.swift; path = MatchMakingViewModel.swift; sourceTree = "<group>"; };
		15D90EA92610B3190010E6C9 /* GameKit.framework */ = {isa = PBXFileReference; lastKnownFileType = wrapper.framework; name = GameKit.framework; path = System/Library/Frameworks/GameKit.framework; sourceTree = SDKROOT; };
		15D90EB32610BBBD0010E6C9 /* PrimaryButtonStyle.swift */ = {isa = PBXFileReference; lastKnownFileType = sourcecode.swift; path = PrimaryButtonStyle.swift; sourceTree = "<group>"; };
		15E7E14A2E5D9222009C1F44 /* PlayerViewModel.swift */ = {isa = PBXFileReference; lastKnownFileType = sourcecode.swift; path = PlayerViewModel.swift; sourceTree = "<group>"; };
		15E7E14C2E5DAE9F009C1F44 /* Image+Sendable.swift */ = {isa = PBXFileReference; lastKnownFileType = sourcecode.swift; path = "Image+Sendable.swift"; sourceTree = "<group>"; };
		15F85DE3260272CF0009A734 /* GKMatchMakerAppModel.swift */ = {isa = PBXFileReference; lastKnownFileType = sourcecode.swift; path = GKMatchMakerAppModel.swift; sourceTree = "<group>"; };
/* End PBXFileReference section */

/* Begin PBXFrameworksBuildPhase section */
		151CAA9725E39837002A7FDC /* Frameworks */ = {
			isa = PBXFrameworksBuildPhase;
			buildActionMask = 2147483647;
			files = (
				15A6F7D925E39B8300FE5387 /* GameKitUI in Frameworks */,
				15D90EAA2610B3190010E6C9 /* GameKit.framework in Frameworks */,
				150EBBB32E5C65A4000E3E03 /* GameKitUI in Frameworks */,
			);
			runOnlyForDeploymentPostprocessing = 0;
		};
/* End PBXFrameworksBuildPhase section */

/* Begin PBXGroup section */
		150315FA2617E7B200EC5D2E /* Sidebar */ = {
			isa = PBXGroup;
			children = (
				150315F62617E3B100EC5D2E /* SidebarView.swift */,
				150315FB2617E7C900EC5D2E /* Route.swift */,
				150315FF2617E88100EC5D2E /* SidebarRow.swift */,
			);
			path = Sidebar;
			sourceTree = "<group>";
		};
		1503160A2618B62500EC5D2E /* tvOS */ = {
			isa = PBXGroup;
			children = (
				150316882618C7CF00EC5D2E /* Views */,
				150316142618B62600EC5D2E /* Info.plist */,
			);
			path = tvOS;
			sourceTree = "<group>";
		};
		150316882618C7CF00EC5D2E /* Views */ = {
			isa = PBXGroup;
			children = (
			);
			path = Views;
			sourceTree = "<group>";
		};
		1503168C2618C93200EC5D2E /* Authentication */ = {
			isa = PBXGroup;
			children = (
				1503168D2618C94900EC5D2E /* PlayerView.swift */,
			);
			path = Authentication;
			sourceTree = "<group>";
		};
		1503169D2618E03E00EC5D2E /* Authentication */ = {
			isa = PBXGroup;
			children = (
				15E7E14A2E5D9222009C1F44 /* PlayerViewModel.swift */,
				1503169E2618E03E00EC5D2E /* PlayerView.swift */,
			);
			path = Authentication;
			sourceTree = "<group>";
		};
		150316A32618E2AB00EC5D2E /* MultiPlayer */ = {
			isa = PBXGroup;
			children = (
				150316B12618E47D00EC5D2E /* MatchView.swift */,
				150316A52618E2AB00EC5D2E /* MatchMakingView.swift */,
			);
			path = MultiPlayer;
			sourceTree = "<group>";
		};
		151CAA8525E39835002A7FDC = {
			isa = PBXGroup;
			children = (
				150316962618D0E800EC5D2E /* GKMatchMakerDebug.entitlements */,
				150315F32617DB1E00EC5D2E /* Config.xcconfig-example */,
				151CAAD025E39928002A7FDC /* Config.xcconfig */,
				151CAA8A25E39835002A7FDC /* Shared */,
				151CAA9425E39837002A7FDC /* iOS */,
				151CAA9B25E39837002A7FDC /* macOS */,
				1503160A2618B62500EC5D2E /* tvOS */,
				151CAA9325E39837002A7FDC /* Products */,
				151CAAD525E399D6002A7FDC /* Frameworks */,
			);
			sourceTree = "<group>";
		};
		151CAA8A25E39835002A7FDC /* Shared */ = {
			isa = PBXGroup;
			children = (
				1507A0BC25E410CA006DDBFC /* GKMatchMakerApp.swift */,
				15E7E14E2E5DBD92009C1F44 /* Extensions */,
				15D90EB22610BBBD0010E6C9 /* Modifiers */,
				15A6F7E025E39BC100FE5387 /* ViewModels */,
				15A6F7DE25E39BC100FE5387 /* Views */,
				151CAA8D25E39837002A7FDC /* Assets.xcassets */,
			);
			path = Shared;
			sourceTree = "<group>";
		};
		151CAA9325E39837002A7FDC /* Products */ = {
			isa = PBXGroup;
			children = (
				151CAA9A25E39837002A7FDC /* GKMatchMaker.app */,
			);
			name = Products;
			sourceTree = "<group>";
		};
		151CAA9425E39837002A7FDC /* iOS */ = {
			isa = PBXGroup;
			children = (
				15D90EAB2610B76D0010E6C9 /* Views */,
				151CAA9525E39837002A7FDC /* Info.plist */,
			);
			path = iOS;
			sourceTree = "<group>";
		};
		151CAA9B25E39837002A7FDC /* macOS */ = {
			isa = PBXGroup;
			children = (
				15D90EAC2610B77E0010E6C9 /* Views */,
				151CAA9C25E39837002A7FDC /* Info.plist */,
				151CAA9D25E39837002A7FDC /* macOS.entitlements */,
			);
			path = macOS;
			sourceTree = "<group>";
		};
		151CAAD525E399D6002A7FDC /* Frameworks */ = {
			isa = PBXGroup;
			children = (
				150316642618B76700EC5D2E /* GameKit.framework */,
				15D90EA92610B3190010E6C9 /* GameKit.framework */,
				151CAAD625E399D6002A7FDC /* GameKit.framework */,
			);
			name = Frameworks;
			sourceTree = "<group>";
		};
		151F91F725E4EBEE0015DD88 /* Authentication */ = {
			isa = PBXGroup;
			children = (
				151F91F825E4EC070015DD88 /* AuthenticationViewModel.swift */,
			);
			path = Authentication;
			sourceTree = "<group>";
		};
		15A6F7DE25E39BC100FE5387 /* Views */ = {
			isa = PBXGroup;
			children = (
				15A6F7FD25E39F8700FE5387 /* Authentication */,
				15A6F7FC25E39F7D00FE5387 /* MultiPlayer */,
				150315FA2617E7B200EC5D2E /* Sidebar */,
			);
			path = Views;
			sourceTree = "<group>";
		};
		15A6F7E025E39BC100FE5387 /* ViewModels */ = {
			isa = PBXGroup;
			children = (
				15F85DE3260272CF0009A734 /* GKMatchMakerAppModel.swift */,
				151F91F725E4EBEE0015DD88 /* Authentication */,
				15A6F7FA25E39F6200FE5387 /* MultiPlayer */,
			);
			path = ViewModels;
			sourceTree = "<group>";
		};
		15A6F7FA25E39F6200FE5387 /* MultiPlayer */ = {
			isa = PBXGroup;
			children = (
				15A6F7F025E39E0500FE5387 /* MatchMakingViewModel.swift */,
			);
			path = MultiPlayer;
			sourceTree = "<group>";
		};
		15A6F7FC25E39F7D00FE5387 /* MultiPlayer */ = {
			isa = PBXGroup;
			children = (
				152736812607D0730068853D /* MatchMakingView.swift */,
				151D895E2602660B00979718 /* MatchView.swift */,
			);
			path = MultiPlayer;
			sourceTree = "<group>";
		};
		15A6F7FD25E39F8700FE5387 /* Authentication */ = {
			isa = PBXGroup;
			children = (
				1507A0C525E419E5006DDBFC /* AuthenticationView.swift */,
			);
			path = Authentication;
			sourceTree = "<group>";
		};
		15D90EAB2610B76D0010E6C9 /* Views */ = {
			isa = PBXGroup;
			children = (
				1503168C2618C93200EC5D2E /* Authentication */,
			);
			path = Views;
			sourceTree = "<group>";
		};
		15D90EAC2610B77E0010E6C9 /* Views */ = {
			isa = PBXGroup;
			children = (
				150316A32618E2AB00EC5D2E /* MultiPlayer */,
				1503169D2618E03E00EC5D2E /* Authentication */,
			);
			path = Views;
			sourceTree = "<group>";
		};
		15D90EB22610BBBD0010E6C9 /* Modifiers */ = {
			isa = PBXGroup;
			children = (
				15D90EB32610BBBD0010E6C9 /* PrimaryButtonStyle.swift */,
			);
			path = Modifiers;
			sourceTree = "<group>";
		};
		15E7E14E2E5DBD92009C1F44 /* Extensions */ = {
			isa = PBXGroup;
			children = (
				15E7E14C2E5DAE9F009C1F44 /* Image+Sendable.swift */,
			);
			path = Extensions;
			sourceTree = "<group>";
		};
/* End PBXGroup section */

/* Begin PBXNativeTarget section */
		151CAA9925E39837002A7FDC /* GKMatchMaker */ = {
			isa = PBXNativeTarget;
			buildConfigurationList = 151CAAA925E39837002A7FDC /* Build configuration list for PBXNativeTarget "GKMatchMaker" */;
			buildPhases = (
				151CAA9625E39837002A7FDC /* Sources */,
				151CAA9725E39837002A7FDC /* Frameworks */,
				151CAA9825E39837002A7FDC /* Resources */,
			);
			buildRules = (
			);
			dependencies = (
			);
			name = GKMatchMaker;
			packageProductDependencies = (
				15A6F7D825E39B8300FE5387 /* GameKitUI */,
				150EBBB22E5C65A4000E3E03 /* GameKitUI */,
			);
			productName = "MatchMaking (macOS)";
			productReference = 151CAA9A25E39837002A7FDC /* GKMatchMaker.app */;
			productType = "com.apple.product-type.application";
		};
/* End PBXNativeTarget section */

/* Begin PBXProject section */
		151CAA8625E39835002A7FDC /* Project object */ = {
			isa = PBXProject;
			attributes = {
				BuildIndependentTargetsInParallel = YES;
				LastSwiftUpdateCheck = 1240;
				LastUpgradeCheck = 1640;
				TargetAttributes = {
					151CAA9925E39837002A7FDC = {
						CreatedOnToolsVersion = 12.4;
					};
				};
			};
			buildConfigurationList = 151CAA8925E39835002A7FDC /* Build configuration list for PBXProject "GKMatchmaker" */;
			compatibilityVersion = "Xcode 9.3";
			developmentRegion = en;
			hasScannedForEncodings = 0;
			knownRegions = (
				en,
				Base,
			);
			mainGroup = 151CAA8525E39835002A7FDC;
			packageReferences = (
				150EBBB12E5C65A4000E3E03 /* XCLocalSwiftPackageReference "../../../GameKitUI.swift" */,
			);
			productRefGroup = 151CAA9325E39837002A7FDC /* Products */;
			projectDirPath = "";
			projectRoot = "";
			targets = (
				151CAA9925E39837002A7FDC /* GKMatchMaker */,
			);
		};
/* End PBXProject section */

/* Begin PBXResourcesBuildPhase section */
		151CAA9825E39837002A7FDC /* Resources */ = {
			isa = PBXResourcesBuildPhase;
			buildActionMask = 2147483647;
			files = (
				151CAAA325E39837002A7FDC /* Assets.xcassets in Resources */,
			);
			runOnlyForDeploymentPostprocessing = 0;
		};
/* End PBXResourcesBuildPhase section */

/* Begin PBXSourcesBuildPhase section */
		151CAA9625E39837002A7FDC /* Sources */ = {
			isa = PBXSourcesBuildPhase;
			buildActionMask = 2147483647;
			files = (
				15F85DE7260272D20009A734 /* GKMatchMakerAppModel.swift in Sources */,
				150316002617E88100EC5D2E /* SidebarRow.swift in Sources */,
				1507A0C725E419E5006DDBFC /* AuthenticationView.swift in Sources */,
				151F91FA25E4EC070015DD88 /* AuthenticationViewModel.swift in Sources */,
				150316B22618E47D00EC5D2E /* MatchView.swift in Sources */,
				15E7E14B2E5D9223009C1F44 /* PlayerViewModel.swift in Sources */,
				1503169F2618E03E00EC5D2E /* PlayerView.swift in Sources */,
				15D90EB52610BBC60010E6C9 /* PrimaryButtonStyle.swift in Sources */,
				150315F72617E3B100EC5D2E /* SidebarView.swift in Sources */,
				150315FC2617E7C900EC5D2E /* Route.swift in Sources */,
				150316A62618E2AB00EC5D2E /* MatchMakingView.swift in Sources */,
				1507A0BE25E410CA006DDBFC /* GKMatchMakerApp.swift in Sources */,
				15E7E14D2E5DAE9F009C1F44 /* Image+Sendable.swift in Sources */,
				15A6F7F225E39E0500FE5387 /* MatchMakingViewModel.swift in Sources */,
			);
			runOnlyForDeploymentPostprocessing = 0;
		};
/* End PBXSourcesBuildPhase section */

/* Begin XCBuildConfiguration section */
		151CAAA425E39837002A7FDC /* Debug */ = {
			isa = XCBuildConfiguration;
			baseConfigurationReference = 151CAAD025E39928002A7FDC /* Config.xcconfig */;
			buildSettings = {
				ALWAYS_SEARCH_USER_PATHS = NO;
				ASSETCATALOG_COMPILER_GENERATE_SWIFT_ASSET_SYMBOL_EXTENSIONS = YES;
				CLANG_ANALYZER_NONNULL = YES;
				CLANG_ANALYZER_NUMBER_OBJECT_CONVERSION = YES_AGGRESSIVE;
				CLANG_CXX_LANGUAGE_STANDARD = "gnu++14";
				CLANG_CXX_LIBRARY = "libc++";
				CLANG_ENABLE_MODULES = YES;
				CLANG_ENABLE_OBJC_ARC = YES;
				CLANG_ENABLE_OBJC_WEAK = YES;
				CLANG_WARN_BLOCK_CAPTURE_AUTORELEASING = YES;
				CLANG_WARN_BOOL_CONVERSION = YES;
				CLANG_WARN_COMMA = YES;
				CLANG_WARN_CONSTANT_CONVERSION = YES;
				CLANG_WARN_DEPRECATED_OBJC_IMPLEMENTATIONS = YES;
				CLANG_WARN_DIRECT_OBJC_ISA_USAGE = YES_ERROR;
				CLANG_WARN_DOCUMENTATION_COMMENTS = YES;
				CLANG_WARN_EMPTY_BODY = YES;
				CLANG_WARN_ENUM_CONVERSION = YES;
				CLANG_WARN_INFINITE_RECURSION = YES;
				CLANG_WARN_INT_CONVERSION = YES;
				CLANG_WARN_NON_LITERAL_NULL_CONVERSION = YES;
				CLANG_WARN_OBJC_IMPLICIT_RETAIN_SELF = YES;
				CLANG_WARN_OBJC_LITERAL_CONVERSION = YES;
				CLANG_WARN_OBJC_ROOT_CLASS = YES_ERROR;
				CLANG_WARN_QUOTED_INCLUDE_IN_FRAMEWORK_HEADER = YES;
				CLANG_WARN_RANGE_LOOP_ANALYSIS = YES;
				CLANG_WARN_STRICT_PROTOTYPES = YES;
				CLANG_WARN_SUSPICIOUS_MOVE = YES;
				CLANG_WARN_UNGUARDED_AVAILABILITY = YES_AGGRESSIVE;
				CLANG_WARN_UNREACHABLE_CODE = YES;
				CLANG_WARN__DUPLICATE_METHOD_MATCH = YES;
				COPY_PHASE_STRIP = NO;
				DEAD_CODE_STRIPPING = YES;
				DEBUG_INFORMATION_FORMAT = dwarf;
				DEVELOPMENT_TEAM = 5866MB3Q46;
				ENABLE_STRICT_OBJC_MSGSEND = YES;
				ENABLE_TESTABILITY = YES;
				GCC_C_LANGUAGE_STANDARD = gnu11;
				GCC_DYNAMIC_NO_PIC = NO;
				GCC_NO_COMMON_BLOCKS = YES;
				GCC_OPTIMIZATION_LEVEL = 0;
				GCC_PREPROCESSOR_DEFINITIONS = (
					"DEBUG=1",
					"$(inherited)",
				);
				GCC_WARN_64_TO_32_BIT_CONVERSION = YES;
				GCC_WARN_ABOUT_RETURN_TYPE = YES_ERROR;
				GCC_WARN_UNDECLARED_SELECTOR = YES;
				GCC_WARN_UNINITIALIZED_AUTOS = YES_AGGRESSIVE;
				GCC_WARN_UNUSED_FUNCTION = YES;
				GCC_WARN_UNUSED_VARIABLE = YES;
				MTL_ENABLE_DEBUG_INFO = INCLUDE_SOURCE;
				MTL_FAST_MATH = YES;
				ONLY_ACTIVE_ARCH = YES;
				SWIFT_ACTIVE_COMPILATION_CONDITIONS = DEBUG;
				SWIFT_OPTIMIZATION_LEVEL = "-Onone";
			};
			name = Debug;
		};
		151CAAA525E39837002A7FDC /* Release */ = {
			isa = XCBuildConfiguration;
			baseConfigurationReference = 151CAAD025E39928002A7FDC /* Config.xcconfig */;
			buildSettings = {
				ALWAYS_SEARCH_USER_PATHS = NO;
				ASSETCATALOG_COMPILER_GENERATE_SWIFT_ASSET_SYMBOL_EXTENSIONS = YES;
				CLANG_ANALYZER_NONNULL = YES;
				CLANG_ANALYZER_NUMBER_OBJECT_CONVERSION = YES_AGGRESSIVE;
				CLANG_CXX_LANGUAGE_STANDARD = "gnu++14";
				CLANG_CXX_LIBRARY = "libc++";
				CLANG_ENABLE_MODULES = YES;
				CLANG_ENABLE_OBJC_ARC = YES;
				CLANG_ENABLE_OBJC_WEAK = YES;
				CLANG_WARN_BLOCK_CAPTURE_AUTORELEASING = YES;
				CLANG_WARN_BOOL_CONVERSION = YES;
				CLANG_WARN_COMMA = YES;
				CLANG_WARN_CONSTANT_CONVERSION = YES;
				CLANG_WARN_DEPRECATED_OBJC_IMPLEMENTATIONS = YES;
				CLANG_WARN_DIRECT_OBJC_ISA_USAGE = YES_ERROR;
				CLANG_WARN_DOCUMENTATION_COMMENTS = YES;
				CLANG_WARN_EMPTY_BODY = YES;
				CLANG_WARN_ENUM_CONVERSION = YES;
				CLANG_WARN_INFINITE_RECURSION = YES;
				CLANG_WARN_INT_CONVERSION = YES;
				CLANG_WARN_NON_LITERAL_NULL_CONVERSION = YES;
				CLANG_WARN_OBJC_IMPLICIT_RETAIN_SELF = YES;
				CLANG_WARN_OBJC_LITERAL_CONVERSION = YES;
				CLANG_WARN_OBJC_ROOT_CLASS = YES_ERROR;
				CLANG_WARN_QUOTED_INCLUDE_IN_FRAMEWORK_HEADER = YES;
				CLANG_WARN_RANGE_LOOP_ANALYSIS = YES;
				CLANG_WARN_STRICT_PROTOTYPES = YES;
				CLANG_WARN_SUSPICIOUS_MOVE = YES;
				CLANG_WARN_UNGUARDED_AVAILABILITY = YES_AGGRESSIVE;
				CLANG_WARN_UNREACHABLE_CODE = YES;
				CLANG_WARN__DUPLICATE_METHOD_MATCH = YES;
				COPY_PHASE_STRIP = NO;
				DEAD_CODE_STRIPPING = YES;
				DEBUG_INFORMATION_FORMAT = "dwarf-with-dsym";
				DEVELOPMENT_TEAM = 5866MB3Q46;
				ENABLE_NS_ASSERTIONS = NO;
				ENABLE_STRICT_OBJC_MSGSEND = YES;
				GCC_C_LANGUAGE_STANDARD = gnu11;
				GCC_NO_COMMON_BLOCKS = YES;
				GCC_WARN_64_TO_32_BIT_CONVERSION = YES;
				GCC_WARN_ABOUT_RETURN_TYPE = YES_ERROR;
				GCC_WARN_UNDECLARED_SELECTOR = YES;
				GCC_WARN_UNINITIALIZED_AUTOS = YES_AGGRESSIVE;
				GCC_WARN_UNUSED_FUNCTION = YES;
				GCC_WARN_UNUSED_VARIABLE = YES;
				MTL_ENABLE_DEBUG_INFO = NO;
				MTL_FAST_MATH = YES;
				SWIFT_COMPILATION_MODE = wholemodule;
				SWIFT_OPTIMIZATION_LEVEL = "-O";
			};
			name = Release;
		};
		151CAAAA25E39837002A7FDC /* Debug */ = {
			isa = XCBuildConfiguration;
			baseConfigurationReference = 151CAAD025E39928002A7FDC /* Config.xcconfig */;
			buildSettings = {
				ASSETCATALOG_COMPILER_APPICON_NAME = AppIcon;
				ASSETCATALOG_COMPILER_GLOBAL_ACCENT_COLOR_NAME = AccentColor;
				CODE_SIGN_ENTITLEMENTS = GKMatchMakerDebug.entitlements;
				CODE_SIGN_IDENTITY = "Apple Development";
				CODE_SIGN_STYLE = Automatic;
				COMBINE_HIDPI_IMAGES = YES;
				DEAD_CODE_STRIPPING = YES;
				ENABLE_HARDENED_RUNTIME = YES;
				ENABLE_PREVIEWS = YES;
				INFOPLIST_FILE = macOS/Info.plist;
				LD_RUNPATH_SEARCH_PATHS = (
					"$(inherited)",
					"@executable_path/../Frameworks",
				);
				MACOSX_DEPLOYMENT_TARGET = 13.5;
				PRODUCT_BUNDLE_IDENTIFIER = "$(XCCONFIG_BUNDLE_ID)";
				PRODUCT_NAME = GKMatchMaker;
				PROVISIONING_PROFILE_SPECIFIER = "";
				SDKROOT = macosx;
				SUPPORTED_PLATFORMS = "appletvos appletvsimulator iphoneos iphonesimulator macosx";
				SUPPORTS_MACCATALYST = NO;
				SWIFT_VERSION = 5.0;
				TARGETED_DEVICE_FAMILY = "1,2,3";
			};
			name = Debug;
		};
		151CAAAB25E39837002A7FDC /* Release */ = {
			isa = XCBuildConfiguration;
			baseConfigurationReference = 151CAAD025E39928002A7FDC /* Config.xcconfig */;
			buildSettings = {
				ASSETCATALOG_COMPILER_APPICON_NAME = AppIcon;
				ASSETCATALOG_COMPILER_GLOBAL_ACCENT_COLOR_NAME = AccentColor;
				CODE_SIGN_ENTITLEMENTS = macOS/macOS.entitlements;
				CODE_SIGN_IDENTITY = "Apple Development";
				CODE_SIGN_STYLE = Automatic;
				COMBINE_HIDPI_IMAGES = YES;
				DEAD_CODE_STRIPPING = YES;
				ENABLE_HARDENED_RUNTIME = YES;
				ENABLE_PREVIEWS = YES;
				INFOPLIST_FILE = macOS/Info.plist;
				LD_RUNPATH_SEARCH_PATHS = (
					"$(inherited)",
					"@executable_path/../Frameworks",
				);
				MACOSX_DEPLOYMENT_TARGET = 13.5;
				PRODUCT_BUNDLE_IDENTIFIER = "$(XCCONFIG_BUNDLE_ID)";
				PRODUCT_NAME = GKMatchMaker;
				PROVISIONING_PROFILE_SPECIFIER = "";
				SDKROOT = macosx;
				SUPPORTED_PLATFORMS = "appletvos appletvsimulator iphoneos iphonesimulator macosx";
				SUPPORTS_MACCATALYST = NO;
				SWIFT_VERSION = 5.0;
				TARGETED_DEVICE_FAMILY = "1,2,3";
			};
			name = Release;
		};
/* End XCBuildConfiguration section */

/* Begin XCConfigurationList section */
		151CAA8925E39835002A7FDC /* Build configuration list for PBXProject "GKMatchmaker" */ = {
			isa = XCConfigurationList;
			buildConfigurations = (
				151CAAA425E39837002A7FDC /* Debug */,
				151CAAA525E39837002A7FDC /* Release */,
			);
			defaultConfigurationIsVisible = 0;
			defaultConfigurationName = Release;
		};
		151CAAA925E39837002A7FDC /* Build configuration list for PBXNativeTarget "GKMatchMaker" */ = {
			isa = XCConfigurationList;
			buildConfigurations = (
				151CAAAA25E39837002A7FDC /* Debug */,
				151CAAAB25E39837002A7FDC /* Release */,
			);
			defaultConfigurationIsVisible = 0;
			defaultConfigurationName = Release;
		};
/* End XCConfigurationList section */

/* Begin XCLocalSwiftPackageReference section */
		150EBBB12E5C65A4000E3E03 /* XCLocalSwiftPackageReference "../../../GameKitUI.swift" */ = {
			isa = XCLocalSwiftPackageReference;
			relativePath = ../../../GameKitUI.swift;
		};
/* End XCLocalSwiftPackageReference section */

/* Begin XCSwiftPackageProductDependency section */
		150EBBB22E5C65A4000E3E03 /* GameKitUI */ = {
			isa = XCSwiftPackageProductDependency;
			productName = GameKitUI;
		};
		15A6F7D825E39B8300FE5387 /* GameKitUI */ = {
			isa = XCSwiftPackageProductDependency;
			productName = GameKitUI;
		};
/* End XCSwiftPackageProductDependency section */
	};
	rootObject = 151CAA8625E39835002A7FDC /* Project object */;
}
